// !$*UTF8*$!
{
	archiveVersion = 1;
	classes = {
	};
	objectVersion = 50;
	objects = {

/* Begin PBXBuildFile section */
		F51D3F40255D1A110083E6A4 /* AppDelegate.swift in Sources */ = {isa = PBXBuildFile; fileRef = F51D3F3F255D1A110083E6A4 /* AppDelegate.swift */; };
		F51D3F42255D1A110083E6A4 /* SceneDelegate.swift in Sources */ = {isa = PBXBuildFile; fileRef = F51D3F41255D1A110083E6A4 /* SceneDelegate.swift */; };
		F51D3F44255D1A110083E6A4 /* ViewController.swift in Sources */ = {isa = PBXBuildFile; fileRef = F51D3F43255D1A110083E6A4 /* ViewController.swift */; };
		F51D3F47255D1A110083E6A4 /* Main.storyboard in Resources */ = {isa = PBXBuildFile; fileRef = F51D3F45255D1A110083E6A4 /* Main.storyboard */; };
		F51D3F49255D1A130083E6A4 /* Assets.xcassets in Resources */ = {isa = PBXBuildFile; fileRef = F51D3F48255D1A130083E6A4 /* Assets.xcassets */; };
		F51D3F4C255D1A130083E6A4 /* LaunchScreen.storyboard in Resources */ = {isa = PBXBuildFile; fileRef = F51D3F4A255D1A130083E6A4 /* LaunchScreen.storyboard */; };
		F51D3F57255D1A140083E6A4 /* map_sampleTests.swift in Sources */ = {isa = PBXBuildFile; fileRef = F51D3F56255D1A140083E6A4 /* map_sampleTests.swift */; };
		F51D3F62255D1A140083E6A4 /* map_sampleUITests.swift in Sources */ = {isa = PBXBuildFile; fileRef = F51D3F61255D1A140083E6A4 /* map_sampleUITests.swift */; };
		F51D3F7E255D2F270083E6A4 /* PlaceListPresenter.swift in Sources */ = {isa = PBXBuildFile; fileRef = F51D3F78255D2F270083E6A4 /* PlaceListPresenter.swift */; };
		F51D3F7F255D2F270083E6A4 /* PlaceListWorker.swift in Sources */ = {isa = PBXBuildFile; fileRef = F51D3F79255D2F270083E6A4 /* PlaceListWorker.swift */; };
		F51D3F80255D2F270083E6A4 /* PlaceListRouter.swift in Sources */ = {isa = PBXBuildFile; fileRef = F51D3F7A255D2F270083E6A4 /* PlaceListRouter.swift */; };
		F51D3F81255D2F270083E6A4 /* PlaceListModels.swift in Sources */ = {isa = PBXBuildFile; fileRef = F51D3F7B255D2F270083E6A4 /* PlaceListModels.swift */; };
		F51D3F82255D2F270083E6A4 /* PlaceListViewController.swift in Sources */ = {isa = PBXBuildFile; fileRef = F51D3F7C255D2F270083E6A4 /* PlaceListViewController.swift */; };
		F51D3F83255D2F270083E6A4 /* PlaceListInteractor.swift in Sources */ = {isa = PBXBuildFile; fileRef = F51D3F7D255D2F270083E6A4 /* PlaceListInteractor.swift */; };
/* End PBXBuildFile section */

/* Begin PBXContainerItemProxy section */
		F51D3F53255D1A140083E6A4 /* PBXContainerItemProxy */ = {
			isa = PBXContainerItemProxy;
			containerPortal = F51D3F34255D1A110083E6A4 /* Project object */;
			proxyType = 1;
			remoteGlobalIDString = F51D3F3B255D1A110083E6A4;
			remoteInfo = "map-sample";
		};
		F51D3F5E255D1A140083E6A4 /* PBXContainerItemProxy */ = {
			isa = PBXContainerItemProxy;
			containerPortal = F51D3F34255D1A110083E6A4 /* Project object */;
			proxyType = 1;
			remoteGlobalIDString = F51D3F3B255D1A110083E6A4;
			remoteInfo = "map-sample";
		};
/* End PBXContainerItemProxy section */

/* Begin PBXFileReference section */
		F51D3F3C255D1A110083E6A4 /* map-sample.app */ = {isa = PBXFileReference; explicitFileType = wrapper.application; includeInIndex = 0; path = "map-sample.app"; sourceTree = BUILT_PRODUCTS_DIR; };
		F51D3F3F255D1A110083E6A4 /* AppDelegate.swift */ = {isa = PBXFileReference; lastKnownFileType = sourcecode.swift; path = AppDelegate.swift; sourceTree = "<group>"; };
		F51D3F41255D1A110083E6A4 /* SceneDelegate.swift */ = {isa = PBXFileReference; lastKnownFileType = sourcecode.swift; path = SceneDelegate.swift; sourceTree = "<group>"; };
		F51D3F43255D1A110083E6A4 /* ViewController.swift */ = {isa = PBXFileReference; lastKnownFileType = sourcecode.swift; path = ViewController.swift; sourceTree = "<group>"; };
		F51D3F46255D1A110083E6A4 /* Base */ = {isa = PBXFileReference; lastKnownFileType = file.storyboard; name = Base; path = Base.lproj/Main.storyboard; sourceTree = "<group>"; };
		F51D3F48255D1A130083E6A4 /* Assets.xcassets */ = {isa = PBXFileReference; lastKnownFileType = folder.assetcatalog; path = Assets.xcassets; sourceTree = "<group>"; };
		F51D3F4B255D1A130083E6A4 /* Base */ = {isa = PBXFileReference; lastKnownFileType = file.storyboard; name = Base; path = Base.lproj/LaunchScreen.storyboard; sourceTree = "<group>"; };
		F51D3F4D255D1A130083E6A4 /* Info.plist */ = {isa = PBXFileReference; lastKnownFileType = text.plist.xml; path = Info.plist; sourceTree = "<group>"; };
		F51D3F52255D1A140083E6A4 /* map-sampleTests.xctest */ = {isa = PBXFileReference; explicitFileType = wrapper.cfbundle; includeInIndex = 0; path = "map-sampleTests.xctest"; sourceTree = BUILT_PRODUCTS_DIR; };
		F51D3F56255D1A140083E6A4 /* map_sampleTests.swift */ = {isa = PBXFileReference; lastKnownFileType = sourcecode.swift; path = map_sampleTests.swift; sourceTree = "<group>"; };
		F51D3F58255D1A140083E6A4 /* Info.plist */ = {isa = PBXFileReference; lastKnownFileType = text.plist.xml; path = Info.plist; sourceTree = "<group>"; };
		F51D3F5D255D1A140083E6A4 /* map-sampleUITests.xctest */ = {isa = PBXFileReference; explicitFileType = wrapper.cfbundle; includeInIndex = 0; path = "map-sampleUITests.xctest"; sourceTree = BUILT_PRODUCTS_DIR; };
		F51D3F61255D1A140083E6A4 /* map_sampleUITests.swift */ = {isa = PBXFileReference; lastKnownFileType = sourcecode.swift; path = map_sampleUITests.swift; sourceTree = "<group>"; };
		F51D3F63255D1A140083E6A4 /* Info.plist */ = {isa = PBXFileReference; lastKnownFileType = text.plist.xml; path = Info.plist; sourceTree = "<group>"; };
		F51D3F78255D2F270083E6A4 /* PlaceListPresenter.swift */ = {isa = PBXFileReference; lastKnownFileType = sourcecode.swift; path = PlaceListPresenter.swift; sourceTree = "<group>"; };
		F51D3F79255D2F270083E6A4 /* PlaceListWorker.swift */ = {isa = PBXFileReference; lastKnownFileType = sourcecode.swift; path = PlaceListWorker.swift; sourceTree = "<group>"; };
		F51D3F7A255D2F270083E6A4 /* PlaceListRouter.swift */ = {isa = PBXFileReference; lastKnownFileType = sourcecode.swift; path = PlaceListRouter.swift; sourceTree = "<group>"; };
		F51D3F7B255D2F270083E6A4 /* PlaceListModels.swift */ = {isa = PBXFileReference; lastKnownFileType = sourcecode.swift; path = PlaceListModels.swift; sourceTree = "<group>"; };
		F51D3F7C255D2F270083E6A4 /* PlaceListViewController.swift */ = {isa = PBXFileReference; lastKnownFileType = sourcecode.swift; path = PlaceListViewController.swift; sourceTree = "<group>"; };
		F51D3F7D255D2F270083E6A4 /* PlaceListInteractor.swift */ = {isa = PBXFileReference; lastKnownFileType = sourcecode.swift; path = PlaceListInteractor.swift; sourceTree = "<group>"; };
/* End PBXFileReference section */

/* Begin PBXFrameworksBuildPhase section */
		F51D3F39255D1A110083E6A4 /* Frameworks */ = {
			isa = PBXFrameworksBuildPhase;
			buildActionMask = 2147483647;
			files = (
			);
			runOnlyForDeploymentPostprocessing = 0;
		};
		F51D3F4F255D1A140083E6A4 /* Frameworks */ = {
			isa = PBXFrameworksBuildPhase;
			buildActionMask = 2147483647;
			files = (
			);
			runOnlyForDeploymentPostprocessing = 0;
		};
		F51D3F5A255D1A140083E6A4 /* Frameworks */ = {
			isa = PBXFrameworksBuildPhase;
			buildActionMask = 2147483647;
			files = (
			);
			runOnlyForDeploymentPostprocessing = 0;
		};
/* End PBXFrameworksBuildPhase section */

/* Begin PBXGroup section */
		F51D3F33255D1A110083E6A4 = {
			isa = PBXGroup;
			children = (
				F51D3F3E255D1A110083E6A4 /* map-sample */,
				F51D3F55255D1A140083E6A4 /* map-sampleTests */,
				F51D3F60255D1A140083E6A4 /* map-sampleUITests */,
				F51D3F3D255D1A110083E6A4 /* Products */,
			);
			sourceTree = "<group>";
		};
		F51D3F3D255D1A110083E6A4 /* Products */ = {
			isa = PBXGroup;
			children = (
				F51D3F3C255D1A110083E6A4 /* map-sample.app */,
				F51D3F52255D1A140083E6A4 /* map-sampleTests.xctest */,
				F51D3F5D255D1A140083E6A4 /* map-sampleUITests.xctest */,
			);
			name = Products;
			sourceTree = "<group>";
		};
		F51D3F3E255D1A110083E6A4 /* map-sample */ = {
			isa = PBXGroup;
			children = (
				F51D3F3F255D1A110083E6A4 /* AppDelegate.swift */,
				F51D3F41255D1A110083E6A4 /* SceneDelegate.swift */,
				F51D3F43255D1A110083E6A4 /* ViewController.swift */,
				F51D3F8E255D2F350083E6A4 /* Scenes */,
				F51D3F45255D1A110083E6A4 /* Main.storyboard */,
				F51D3F48255D1A130083E6A4 /* Assets.xcassets */,
				F51D3F4A255D1A130083E6A4 /* LaunchScreen.storyboard */,
				F51D3F4D255D1A130083E6A4 /* Info.plist */,
			);
			path = "map-sample";
			sourceTree = "<group>";
		};
		F51D3F55255D1A140083E6A4 /* map-sampleTests */ = {
			isa = PBXGroup;
			children = (
				F51D3F56255D1A140083E6A4 /* map_sampleTests.swift */,
				F51D3F58255D1A140083E6A4 /* Info.plist */,
			);
			path = "map-sampleTests";
			sourceTree = "<group>";
		};
		F51D3F60255D1A140083E6A4 /* map-sampleUITests */ = {
			isa = PBXGroup;
			children = (
				F51D3F61255D1A140083E6A4 /* map_sampleUITests.swift */,
				F51D3F63255D1A140083E6A4 /* Info.plist */,
			);
			path = "map-sampleUITests";
			sourceTree = "<group>";
		};
		F51D3F87255D2F2D0083E6A4 /* PlaceList */ = {
			isa = PBXGroup;
			children = (
				F51D3F78255D2F270083E6A4 /* PlaceListPresenter.swift */,
				F51D3F79255D2F270083E6A4 /* PlaceListWorker.swift */,
				F51D3F7A255D2F270083E6A4 /* PlaceListRouter.swift */,
				F51D3F7B255D2F270083E6A4 /* PlaceListModels.swift */,
				F51D3F7C255D2F270083E6A4 /* PlaceListViewController.swift */,
				F51D3F7D255D2F270083E6A4 /* PlaceListInteractor.swift */,
			);
			path = PlaceList;
			sourceTree = "<group>";
		};
		F51D3F8E255D2F350083E6A4 /* Scenes */ = {
			isa = PBXGroup;
			children = (
				F51D3F87255D2F2D0083E6A4 /* PlaceList */,
			);
			path = Scenes;
			sourceTree = "<group>";
		};
/* End PBXGroup section */

/* Begin PBXNativeTarget section */
		F51D3F3B255D1A110083E6A4 /* map-sample */ = {
			isa = PBXNativeTarget;
			buildConfigurationList = F51D3F66255D1A140083E6A4 /* Build configuration list for PBXNativeTarget "map-sample" */;
			buildPhases = (
				F51D3F38255D1A110083E6A4 /* Sources */,
				F51D3F39255D1A110083E6A4 /* Frameworks */,
				F51D3F3A255D1A110083E6A4 /* Resources */,
			);
			buildRules = (
			);
			dependencies = (
			);
			name = "map-sample";
			productName = "map-sample";
			productReference = F51D3F3C255D1A110083E6A4 /* map-sample.app */;
			productType = "com.apple.product-type.application";
		};
		F51D3F51255D1A140083E6A4 /* map-sampleTests */ = {
			isa = PBXNativeTarget;
			buildConfigurationList = F51D3F69255D1A140083E6A4 /* Build configuration list for PBXNativeTarget "map-sampleTests" */;
			buildPhases = (
				F51D3F4E255D1A140083E6A4 /* Sources */,
				F51D3F4F255D1A140083E6A4 /* Frameworks */,
				F51D3F50255D1A140083E6A4 /* Resources */,
			);
			buildRules = (
			);
			dependencies = (
				F51D3F54255D1A140083E6A4 /* PBXTargetDependency */,
			);
			name = "map-sampleTests";
			productName = "map-sampleTests";
			productReference = F51D3F52255D1A140083E6A4 /* map-sampleTests.xctest */;
			productType = "com.apple.product-type.bundle.unit-test";
		};
		F51D3F5C255D1A140083E6A4 /* map-sampleUITests */ = {
			isa = PBXNativeTarget;
			buildConfigurationList = F51D3F6C255D1A140083E6A4 /* Build configuration list for PBXNativeTarget "map-sampleUITests" */;
			buildPhases = (
				F51D3F59255D1A140083E6A4 /* Sources */,
				F51D3F5A255D1A140083E6A4 /* Frameworks */,
				F51D3F5B255D1A140083E6A4 /* Resources */,
			);
			buildRules = (
			);
			dependencies = (
				F51D3F5F255D1A140083E6A4 /* PBXTargetDependency */,
			);
			name = "map-sampleUITests";
			productName = "map-sampleUITests";
			productReference = F51D3F5D255D1A140083E6A4 /* map-sampleUITests.xctest */;
			productType = "com.apple.product-type.bundle.ui-testing";
		};
/* End PBXNativeTarget section */

/* Begin PBXProject section */
		F51D3F34255D1A110083E6A4 /* Project object */ = {
			isa = PBXProject;
			attributes = {
				LastSwiftUpdateCheck = 1210;
				LastUpgradeCheck = 1210;
				TargetAttributes = {
					F51D3F3B255D1A110083E6A4 = {
						CreatedOnToolsVersion = 12.1;
					};
					F51D3F51255D1A140083E6A4 = {
						CreatedOnToolsVersion = 12.1;
						TestTargetID = F51D3F3B255D1A110083E6A4;
					};
					F51D3F5C255D1A140083E6A4 = {
						CreatedOnToolsVersion = 12.1;
						TestTargetID = F51D3F3B255D1A110083E6A4;
					};
				};
			};
			buildConfigurationList = F51D3F37255D1A110083E6A4 /* Build configuration list for PBXProject "map-sample" */;
			compatibilityVersion = "Xcode 9.3";
			developmentRegion = en;
			hasScannedForEncodings = 0;
			knownRegions = (
				en,
				Base,
			);
			mainGroup = F51D3F33255D1A110083E6A4;
			productRefGroup = F51D3F3D255D1A110083E6A4 /* Products */;
			projectDirPath = "";
			projectRoot = "";
			targets = (
				F51D3F3B255D1A110083E6A4 /* map-sample */,
				F51D3F51255D1A140083E6A4 /* map-sampleTests */,
				F51D3F5C255D1A140083E6A4 /* map-sampleUITests */,
			);
		};
/* End PBXProject section */

/* Begin PBXResourcesBuildPhase section */
		F51D3F3A255D1A110083E6A4 /* Resources */ = {
			isa = PBXResourcesBuildPhase;
			buildActionMask = 2147483647;
			files = (
				F51D3F4C255D1A130083E6A4 /* LaunchScreen.storyboard in Resources */,
				F51D3F49255D1A130083E6A4 /* Assets.xcassets in Resources */,
				F51D3F47255D1A110083E6A4 /* Main.storyboard in Resources */,
			);
			runOnlyForDeploymentPostprocessing = 0;
		};
		F51D3F50255D1A140083E6A4 /* Resources */ = {
			isa = PBXResourcesBuildPhase;
			buildActionMask = 2147483647;
			files = (
			);
			runOnlyForDeploymentPostprocessing = 0;
		};
		F51D3F5B255D1A140083E6A4 /* Resources */ = {
			isa = PBXResourcesBuildPhase;
			buildActionMask = 2147483647;
			files = (
			);
			runOnlyForDeploymentPostprocessing = 0;
		};
/* End PBXResourcesBuildPhase section */

/* Begin PBXSourcesBuildPhase section */
		F51D3F38255D1A110083E6A4 /* Sources */ = {
			isa = PBXSourcesBuildPhase;
			buildActionMask = 2147483647;
			files = (
				F51D3F82255D2F270083E6A4 /* PlaceListViewController.swift in Sources */,
				F51D3F80255D2F270083E6A4 /* PlaceListRouter.swift in Sources */,
				F51D3F7E255D2F270083E6A4 /* PlaceListPresenter.swift in Sources */,
				F51D3F81255D2F270083E6A4 /* PlaceListModels.swift in Sources */,
				F51D3F44255D1A110083E6A4 /* ViewController.swift in Sources */,
				F51D3F40255D1A110083E6A4 /* AppDelegate.swift in Sources */,
				F51D3F83255D2F270083E6A4 /* PlaceListInteractor.swift in Sources */,
				F51D3F42255D1A110083E6A4 /* SceneDelegate.swift in Sources */,
				F51D3F7F255D2F270083E6A4 /* PlaceListWorker.swift in Sources */,
			);
			runOnlyForDeploymentPostprocessing = 0;
		};
		F51D3F4E255D1A140083E6A4 /* Sources */ = {
			isa = PBXSourcesBuildPhase;
			buildActionMask = 2147483647;
			files = (
				F51D3F57255D1A140083E6A4 /* map_sampleTests.swift in Sources */,
			);
			runOnlyForDeploymentPostprocessing = 0;
		};
		F51D3F59255D1A140083E6A4 /* Sources */ = {
			isa = PBXSourcesBuildPhase;
			buildActionMask = 2147483647;
			files = (
				F51D3F62255D1A140083E6A4 /* map_sampleUITests.swift in Sources */,
			);
			runOnlyForDeploymentPostprocessing = 0;
		};
/* End PBXSourcesBuildPhase section */

/* Begin PBXTargetDependency section */
		F51D3F54255D1A140083E6A4 /* PBXTargetDependency */ = {
			isa = PBXTargetDependency;
			target = F51D3F3B255D1A110083E6A4 /* map-sample */;
			targetProxy = F51D3F53255D1A140083E6A4 /* PBXContainerItemProxy */;
		};
		F51D3F5F255D1A140083E6A4 /* PBXTargetDependency */ = {
			isa = PBXTargetDependency;
			target = F51D3F3B255D1A110083E6A4 /* map-sample */;
			targetProxy = F51D3F5E255D1A140083E6A4 /* PBXContainerItemProxy */;
		};
/* End PBXTargetDependency section */

/* Begin PBXVariantGroup section */
		F51D3F45255D1A110083E6A4 /* Main.storyboard */ = {
			isa = PBXVariantGroup;
			children = (
				F51D3F46255D1A110083E6A4 /* Base */,
			);
			name = Main.storyboard;
			sourceTree = "<group>";
		};
		F51D3F4A255D1A130083E6A4 /* LaunchScreen.storyboard */ = {
			isa = PBXVariantGroup;
			children = (
				F51D3F4B255D1A130083E6A4 /* Base */,
			);
			name = LaunchScreen.storyboard;
			sourceTree = "<group>";
		};
/* End PBXVariantGroup section */

/* Begin XCBuildConfiguration section */
		F51D3F64255D1A140083E6A4 /* Debug */ = {
			isa = XCBuildConfiguration;
			buildSettings = {
				ALWAYS_SEARCH_USER_PATHS = NO;
				CLANG_ANALYZER_NONNULL = YES;
				CLANG_ANALYZER_NUMBER_OBJECT_CONVERSION = YES_AGGRESSIVE;
				CLANG_CXX_LANGUAGE_STANDARD = "gnu++14";
				CLANG_CXX_LIBRARY = "libc++";
				CLANG_ENABLE_MODULES = YES;
				CLANG_ENABLE_OBJC_ARC = YES;
				CLANG_ENABLE_OBJC_WEAK = YES;
				CLANG_WARN_BLOCK_CAPTURE_AUTORELEASING = YES;
				CLANG_WARN_BOOL_CONVERSION = YES;
				CLANG_WARN_COMMA = YES;
				CLANG_WARN_CONSTANT_CONVERSION = YES;
				CLANG_WARN_DEPRECATED_OBJC_IMPLEMENTATIONS = YES;
				CLANG_WARN_DIRECT_OBJC_ISA_USAGE = YES_ERROR;
				CLANG_WARN_DOCUMENTATION_COMMENTS = YES;
				CLANG_WARN_EMPTY_BODY = YES;
				CLANG_WARN_ENUM_CONVERSION = YES;
				CLANG_WARN_INFINITE_RECURSION = YES;
				CLANG_WARN_INT_CONVERSION = YES;
				CLANG_WARN_NON_LITERAL_NULL_CONVERSION = YES;
				CLANG_WARN_OBJC_IMPLICIT_RETAIN_SELF = YES;
				CLANG_WARN_OBJC_LITERAL_CONVERSION = YES;
				CLANG_WARN_OBJC_ROOT_CLASS = YES_ERROR;
				CLANG_WARN_QUOTED_INCLUDE_IN_FRAMEWORK_HEADER = YES;
				CLANG_WARN_RANGE_LOOP_ANALYSIS = YES;
				CLANG_WARN_STRICT_PROTOTYPES = YES;
				CLANG_WARN_SUSPICIOUS_MOVE = YES;
				CLANG_WARN_UNGUARDED_AVAILABILITY = YES_AGGRESSIVE;
				CLANG_WARN_UNREACHABLE_CODE = YES;
				CLANG_WARN__DUPLICATE_METHOD_MATCH = YES;
				COPY_PHASE_STRIP = NO;
				DEBUG_INFORMATION_FORMAT = dwarf;
				ENABLE_STRICT_OBJC_MSGSEND = YES;
				ENABLE_TESTABILITY = YES;
				GCC_C_LANGUAGE_STANDARD = gnu11;
				GCC_DYNAMIC_NO_PIC = NO;
				GCC_NO_COMMON_BLOCKS = YES;
				GCC_OPTIMIZATION_LEVEL = 0;
				GCC_PREPROCESSOR_DEFINITIONS = (
					"DEBUG=1",
					"$(inherited)",
				);
				GCC_WARN_64_TO_32_BIT_CONVERSION = YES;
				GCC_WARN_ABOUT_RETURN_TYPE = YES_ERROR;
				GCC_WARN_UNDECLARED_SELECTOR = YES;
				GCC_WARN_UNINITIALIZED_AUTOS = YES_AGGRESSIVE;
				GCC_WARN_UNUSED_FUNCTION = YES;
				GCC_WARN_UNUSED_VARIABLE = YES;
				IPHONEOS_DEPLOYMENT_TARGET = 14.1;
				MTL_ENABLE_DEBUG_INFO = INCLUDE_SOURCE;
				MTL_FAST_MATH = YES;
				ONLY_ACTIVE_ARCH = YES;
				SDKROOT = iphoneos;
				SWIFT_ACTIVE_COMPILATION_CONDITIONS = DEBUG;
				SWIFT_OPTIMIZATION_LEVEL = "-Onone";
			};
			name = Debug;
		};
		F51D3F65255D1A140083E6A4 /* Release */ = {
			isa = XCBuildConfiguration;
			buildSettings = {
				ALWAYS_SEARCH_USER_PATHS = NO;
				CLANG_ANALYZER_NONNULL = YES;
				CLANG_ANALYZER_NUMBER_OBJECT_CONVERSION = YES_AGGRESSIVE;
				CLANG_CXX_LANGUAGE_STANDARD = "gnu++14";
				CLANG_CXX_LIBRARY = "libc++";
				CLANG_ENABLE_MODULES = YES;
				CLANG_ENABLE_OBJC_ARC = YES;
				CLANG_ENABLE_OBJC_WEAK = YES;
				CLANG_WARN_BLOCK_CAPTURE_AUTORELEASING = YES;
				CLANG_WARN_BOOL_CONVERSION = YES;
				CLANG_WARN_COMMA = YES;
				CLANG_WARN_CONSTANT_CONVERSION = YES;
				CLANG_WARN_DEPRECATED_OBJC_IMPLEMENTATIONS = YES;
				CLANG_WARN_DIRECT_OBJC_ISA_USAGE = YES_ERROR;
				CLANG_WARN_DOCUMENTATION_COMMENTS = YES;
				CLANG_WARN_EMPTY_BODY = YES;
				CLANG_WARN_ENUM_CONVERSION = YES;
				CLANG_WARN_INFINITE_RECURSION = YES;
				CLANG_WARN_INT_CONVERSION = YES;
				CLANG_WARN_NON_LITERAL_NULL_CONVERSION = YES;
				CLANG_WARN_OBJC_IMPLICIT_RETAIN_SELF = YES;
				CLANG_WARN_OBJC_LITERAL_CONVERSION = YES;
				CLANG_WARN_OBJC_ROOT_CLASS = YES_ERROR;
				CLANG_WARN_QUOTED_INCLUDE_IN_FRAMEWORK_HEADER = YES;
				CLANG_WARN_RANGE_LOOP_ANALYSIS = YES;
				CLANG_WARN_STRICT_PROTOTYPES = YES;
				CLANG_WARN_SUSPICIOUS_MOVE = YES;
				CLANG_WARN_UNGUARDED_AVAILABILITY = YES_AGGRESSIVE;
				CLANG_WARN_UNREACHABLE_CODE = YES;
				CLANG_WARN__DUPLICATE_METHOD_MATCH = YES;
				COPY_PHASE_STRIP = NO;
				DEBUG_INFORMATION_FORMAT = "dwarf-with-dsym";
				ENABLE_NS_ASSERTIONS = NO;
				ENABLE_STRICT_OBJC_MSGSEND = YES;
				GCC_C_LANGUAGE_STANDARD = gnu11;
				GCC_NO_COMMON_BLOCKS = YES;
				GCC_WARN_64_TO_32_BIT_CONVERSION = YES;
				GCC_WARN_ABOUT_RETURN_TYPE = YES_ERROR;
				GCC_WARN_UNDECLARED_SELECTOR = YES;
				GCC_WARN_UNINITIALIZED_AUTOS = YES_AGGRESSIVE;
				GCC_WARN_UNUSED_FUNCTION = YES;
				GCC_WARN_UNUSED_VARIABLE = YES;
				IPHONEOS_DEPLOYMENT_TARGET = 14.1;
				MTL_ENABLE_DEBUG_INFO = NO;
				MTL_FAST_MATH = YES;
				SDKROOT = iphoneos;
				SWIFT_COMPILATION_MODE = wholemodule;
				SWIFT_OPTIMIZATION_LEVEL = "-O";
				VALIDATE_PRODUCT = YES;
			};
			name = Release;
		};
		F51D3F67255D1A140083E6A4 /* Debug */ = {
			isa = XCBuildConfiguration;
			buildSettings = {
				ASSETCATALOG_COMPILER_APPICON_NAME = AppIcon;
				ASSETCATALOG_COMPILER_GLOBAL_ACCENT_COLOR_NAME = AccentColor;
				CODE_SIGN_STYLE = Automatic;
				DEVELOPMENT_TEAM = 7QYL86GXZ7;
				INFOPLIST_FILE = "map-sample/Info.plist";
				LD_RUNPATH_SEARCH_PATHS = (
					"$(inherited)",
					"@executable_path/Frameworks",
				);
				PRODUCT_BUNDLE_IDENTIFIER = "com.muhammed.map-sample";
				PRODUCT_NAME = "$(TARGET_NAME)";
				SWIFT_VERSION = 5.0;
				TARGETED_DEVICE_FAMILY = "1,2";
			};
			name = Debug;
		};
		F51D3F68255D1A140083E6A4 /* Release */ = {
			isa = XCBuildConfiguration;
			buildSettings = {
				ASSETCATALOG_COMPILER_APPICON_NAME = AppIcon;
				ASSETCATALOG_COMPILER_GLOBAL_ACCENT_COLOR_NAME = AccentColor;
				CODE_SIGN_STYLE = Automatic;
				DEVELOPMENT_TEAM = 7QYL86GXZ7;
				INFOPLIST_FILE = "map-sample/Info.plist";
				LD_RUNPATH_SEARCH_PATHS = (
					"$(inherited)",
					"@executable_path/Frameworks",
				);
				PRODUCT_BUNDLE_IDENTIFIER = "com.muhammed.map-sample";
				PRODUCT_NAME = "$(TARGET_NAME)";
				SWIFT_VERSION = 5.0;
				TARGETED_DEVICE_FAMILY = "1,2";
			};
			name = Release;
		};
		F51D3F6A255D1A140083E6A4 /* Debug */ = {
			isa = XCBuildConfiguration;
			buildSettings = {
				ALWAYS_EMBED_SWIFT_STANDARD_LIBRARIES = YES;
				BUNDLE_LOADER = "$(TEST_HOST)";
				CODE_SIGN_STYLE = Automatic;
				DEVELOPMENT_TEAM = 7QYL86GXZ7;
				INFOPLIST_FILE = "map-sampleTests/Info.plist";
				IPHONEOS_DEPLOYMENT_TARGET = 14.1;
				LD_RUNPATH_SEARCH_PATHS = (
					"$(inherited)",
					"@executable_path/Frameworks",
					"@loader_path/Frameworks",
				);
				PRODUCT_BUNDLE_IDENTIFIER = "com.muhammed.map-sampleTests";
				PRODUCT_NAME = "$(TARGET_NAME)";
				SWIFT_VERSION = 5.0;
				TARGETED_DEVICE_FAMILY = "1,2";
				TEST_HOST = "$(BUILT_PRODUCTS_DIR)/map-sample.app/map-sample";
			};
			name = Debug;
		};
		F51D3F6B255D1A140083E6A4 /* Release */ = {
			isa = XCBuildConfiguration;
			buildSettings = {
				ALWAYS_EMBED_SWIFT_STANDARD_LIBRARIES = YES;
				BUNDLE_LOADER = "$(TEST_HOST)";
				CODE_SIGN_STYLE = Automatic;
				DEVELOPMENT_TEAM = 7QYL86GXZ7;
				INFOPLIST_FILE = "map-sampleTests/Info.plist";
				IPHONEOS_DEPLOYMENT_TARGET = 14.1;
				LD_RUNPATH_SEARCH_PATHS = (
					"$(inherited)",
					"@executable_path/Frameworks",
					"@loader_path/Frameworks",
				);
				PRODUCT_BUNDLE_IDENTIFIER = "com.muhammed.map-sampleTests";
				PRODUCT_NAME = "$(TARGET_NAME)";
				SWIFT_VERSION = 5.0;
				TARGETED_DEVICE_FAMILY = "1,2";
				TEST_HOST = "$(BUILT_PRODUCTS_DIR)/map-sample.app/map-sample";
			};
			name = Release;
		};
		F51D3F6D255D1A140083E6A4 /* Debug */ = {
			isa = XCBuildConfiguration;
			buildSettings = {
				ALWAYS_EMBED_SWIFT_STANDARD_LIBRARIES = YES;
				CODE_SIGN_STYLE = Automatic;
				DEVELOPMENT_TEAM = 7QYL86GXZ7;
				INFOPLIST_FILE = "map-sampleUITests/Info.plist";
				LD_RUNPATH_SEARCH_PATHS = (
					"$(inherited)",
					"@executable_path/Frameworks",
					"@loader_path/Frameworks",
				);
				PRODUCT_BUNDLE_IDENTIFIER = "com.muhammed.map-sampleUITests";
				PRODUCT_NAME = "$(TARGET_NAME)";
				SWIFT_VERSION = 5.0;
				TARGETED_DEVICE_FAMILY = "1,2";
				TEST_TARGET_NAME = "map-sample";
			};
			name = Debug;
		};
		F51D3F6E255D1A140083E6A4 /* Release */ = {
			isa = XCBuildConfiguration;
			buildSettings = {
				ALWAYS_EMBED_SWIFT_STANDARD_LIBRARIES = YES;
				CODE_SIGN_STYLE = Automatic;
				DEVELOPMENT_TEAM = 7QYL86GXZ7;
				INFOPLIST_FILE = "map-sampleUITests/Info.plist";
				LD_RUNPATH_SEARCH_PATHS = (
					"$(inherited)",
					"@executable_path/Frameworks",
					"@loader_path/Frameworks",
				);
				PRODUCT_BUNDLE_IDENTIFIER = "com.muhammed.map-sampleUITests";
				PRODUCT_NAME = "$(TARGET_NAME)";
				SWIFT_VERSION = 5.0;
				TARGETED_DEVICE_FAMILY = "1,2";
				TEST_TARGET_NAME = "map-sample";
			};
			name = Release;
		};
/* End XCBuildConfiguration section */

/* Begin XCConfigurationList section */
		F51D3F37255D1A110083E6A4 /* Build configuration list for PBXProject "map-sample" */ = {
			isa = XCConfigurationList;
			buildConfigurations = (
				F51D3F64255D1A140083E6A4 /* Debug */,
				F51D3F65255D1A140083E6A4 /* Release */,
			);
			defaultConfigurationIsVisible = 0;
			defaultConfigurationName = Release;
		};
		F51D3F66255D1A140083E6A4 /* Build configuration list for PBXNativeTarget "map-sample" */ = {
			isa = XCConfigurationList;
			buildConfigurations = (
				F51D3F67255D1A140083E6A4 /* Debug */,
				F51D3F68255D1A140083E6A4 /* Release */,
			);
			defaultConfigurationIsVisible = 0;
			defaultConfigurationName = Release;
		};
		F51D3F69255D1A140083E6A4 /* Build configuration list for PBXNativeTarget "map-sampleTests" */ = {
			isa = XCConfigurationList;
			buildConfigurations = (
				F51D3F6A255D1A140083E6A4 /* Debug */,
				F51D3F6B255D1A140083E6A4 /* Release */,
			);
			defaultConfigurationIsVisible = 0;
			defaultConfigurationName = Release;
		};
		F51D3F6C255D1A140083E6A4 /* Build configuration list for PBXNativeTarget "map-sampleUITests" */ = {
			isa = XCConfigurationList;
			buildConfigurations = (
				F51D3F6D255D1A140083E6A4 /* Debug */,
				F51D3F6E255D1A140083E6A4 /* Release */,
			);
			defaultConfigurationIsVisible = 0;
			defaultConfigurationName = Release;
		};
/* End XCConfigurationList section */
	};
	rootObject = F51D3F34255D1A110083E6A4 /* Project object */;
}
